
Microsoft Visual Studio Solution File, Format Version 12.00
# Visual Studio 15
VisualStudioVersion = 15.0.28010.2036
MinimumVisualStudioVersion = 10.0.40219.1
Project("{FAE04EC0-301F-11D3-BF4B-00C04F79EFBC}") = "ÖvningsTenta_Uppgift 2", "ÖvningsTenta_Uppgift 2\ÖvningsTenta_Uppgift 2.csproj", "{F7FB4260-D245-4B07-AFF9-4C6D932E11A8}"
EndProject
Project("{FAE04EC0-301F-11D3-BF4B-00C04F79EFBC}") = "Client", "Client\Client.csproj", "{EF0AACEB-39A9-46EA-B925-CB964AF5F32A}"
EndProject
Global
	GlobalSection(SolutionConfigurationPlatforms) = preSolution
		Debug|Any CPU = Debug|Any CPU
		Release|Any CPU = Release|Any CPU
	EndGlobalSection
	GlobalSection(ProjectConfigurationPlatforms) = postSolution
		{F7FB4260-D245-4B07-AFF9-4C6D932E11A8}.Debug|Any CPU.ActiveCfg = Debug|Any CPU
		{F7FB4260-D245-4B07-AFF9-4C6D932E11A8}.Debug|Any CPU.Build.0 = Debug|Any CPU
		{F7FB4260-D245-4B07-AFF9-4C6D932E11A8}.Release|Any CPU.ActiveCfg = Release|Any CPU
		{F7FB4260-D245-4B07-AFF9-4C6D932E11A8}.Release|Any CPU.Build.0 = Release|Any CPU
		{EF0AACEB-39A9-46EA-B925-CB964AF5F32A}.Debug|Any CPU.ActiveCfg = Debug|Any CPU
		{EF0AACEB-39A9-46EA-B925-CB964AF5F32A}.Debug|Any CPU.Build.0 = Debug|Any CPU
		{EF0AACEB-39A9-46EA-B925-CB964AF5F32A}.Release|Any CPU.ActiveCfg = Release|Any CPU
		{EF0AACEB-39A9-46EA-B925-CB964AF5F32A}.Release|Any CPU.Build.0 = Release|Any CPU
	EndGlobalSection
	GlobalSection(SolutionProperties) = preSolution
		HideSolutionNode = FALSE
	EndGlobalSection
	GlobalSection(ExtensibilityGlobals) = postSolution
		SolutionGuid = {C197B6F0-5AFD-4FDD-82F7-20C55DCC587C}
	EndGlobalSection
EndGlobal
